
Microsoft Visual Studio Solution File, Format Version 12.00
# Visual Studio Version 17
VisualStudioVersion = 17.3.32804.467
MinimumVisualStudioVersion = 10.0.40219.1
Project("{FAE04EC0-301F-11D3-BF4B-00C04F79EFBC}") = "Clock", "Clock\Clock.csproj", "{DE6076BB-48C5-4AD9-9E7C-9F38AA9A8351}"
EndProject
Global
	GlobalSection(SolutionConfigurationPlatforms) = preSolution
		Debug|Any CPU = Debug|Any CPU
		Release|Any CPU = Release|Any CPU
	EndGlobalSection
	GlobalSection(ProjectConfigurationPlatforms) = postSolution
		{DE6076BB-48C5-4AD9-9E7C-9F38AA9A8351}.Debug|Any CPU.ActiveCfg = Debug|Any CPU
		{DE6076BB-48C5-4AD9-9E7C-9F38AA9A8351}.Debug|Any CPU.Build.0 = Debug|Any CPU
		{DE6076BB-48C5-4AD9-9E7C-9F38AA9A8351}.Release|Any CPU.ActiveCfg = Release|Any CPU
		{DE6076BB-48C5-4AD9-9E7C-9F38AA9A8351}.Release|Any CPU.Build.0 = Release|Any CPU
	EndGlobalSection
	GlobalSection(SolutionProperties) = preSolution
		HideSolutionNode = FALSE
	EndGlobalSection
	GlobalSection(ExtensibilityGlobals) = postSolution
		SolutionGuid = {493C9075-0FF0-4E72-8B7C-3CC41A33F9C0}
	EndGlobalSection
EndGlobal
